// !$*UTF8*$!
{
	archiveVersion = 1;
	classes = {
	};
	objectVersion = 55;
	objects = {

/* Begin PBXBuildFile section */
		54D9A55A27EB5EE1000413C9 /* AppDelegate.swift in Sources */ = {isa = PBXBuildFile; fileRef = 54D9A55927EB5EE1000413C9 /* AppDelegate.swift */; };
		54D9A55C27EB5EE1000413C9 /* SceneDelegate.swift in Sources */ = {isa = PBXBuildFile; fileRef = 54D9A55B27EB5EE1000413C9 /* SceneDelegate.swift */; };
		54D9A55E27EB5EE1000413C9 /* ViewController.swift in Sources */ = {isa = PBXBuildFile; fileRef = 54D9A55D27EB5EE1000413C9 /* ViewController.swift */; };
		54D9A56127EB5EE1000413C9 /* Main.storyboard in Resources */ = {isa = PBXBuildFile; fileRef = 54D9A55F27EB5EE1000413C9 /* Main.storyboard */; };
		54D9A56327EB5EE5000413C9 /* Assets.xcassets in Resources */ = {isa = PBXBuildFile; fileRef = 54D9A56227EB5EE5000413C9 /* Assets.xcassets */; };
		54D9A56627EB5EE5000413C9 /* LaunchScreen.storyboard in Resources */ = {isa = PBXBuildFile; fileRef = 54D9A56427EB5EE5000413C9 /* LaunchScreen.storyboard */; };
		54D9A57127EB5EE5000413C9 /* __Protocols_AppTests.swift in Sources */ = {isa = PBXBuildFile; fileRef = 54D9A57027EB5EE5000413C9 /* __Protocols_AppTests.swift */; };
		54D9A57B27EB5EE5000413C9 /* __Protocols_AppUITests.swift in Sources */ = {isa = PBXBuildFile; fileRef = 54D9A57A27EB5EE5000413C9 /* __Protocols_AppUITests.swift */; };
		54D9A57D27EB5EE5000413C9 /* __Protocols_AppUITestsLaunchTests.swift in Sources */ = {isa = PBXBuildFile; fileRef = 54D9A57C27EB5EE5000413C9 /* __Protocols_AppUITestsLaunchTests.swift */; };
/* End PBXBuildFile section */

/* Begin PBXContainerItemProxy section */
		54D9A56D27EB5EE5000413C9 /* PBXContainerItemProxy */ = {
			isa = PBXContainerItemProxy;
			containerPortal = 54D9A54E27EB5EE1000413C9 /* Project object */;
			proxyType = 1;
			remoteGlobalIDString = 54D9A55527EB5EE1000413C9;
			remoteInfo = "7.Protocols-App";
		};
		54D9A57727EB5EE5000413C9 /* PBXContainerItemProxy */ = {
			isa = PBXContainerItemProxy;
			containerPortal = 54D9A54E27EB5EE1000413C9 /* Project object */;
			proxyType = 1;
			remoteGlobalIDString = 54D9A55527EB5EE1000413C9;
			remoteInfo = "7.Protocols-App";
		};
/* End PBXContainerItemProxy section */

/* Begin PBXFileReference section */
		54D9A55627EB5EE1000413C9 /* 7.Protocols-App.app */ = {isa = PBXFileReference; explicitFileType = wrapper.application; includeInIndex = 0; path = "7.Protocols-App.app"; sourceTree = BUILT_PRODUCTS_DIR; };
		54D9A55927EB5EE1000413C9 /* AppDelegate.swift */ = {isa = PBXFileReference; lastKnownFileType = sourcecode.swift; path = AppDelegate.swift; sourceTree = "<group>"; };
		54D9A55B27EB5EE1000413C9 /* SceneDelegate.swift */ = {isa = PBXFileReference; lastKnownFileType = sourcecode.swift; path = SceneDelegate.swift; sourceTree = "<group>"; };
		54D9A55D27EB5EE1000413C9 /* ViewController.swift */ = {isa = PBXFileReference; lastKnownFileType = sourcecode.swift; path = ViewController.swift; sourceTree = "<group>"; };
		54D9A56027EB5EE1000413C9 /* Base */ = {isa = PBXFileReference; lastKnownFileType = file.storyboard; name = Base; path = Base.lproj/Main.storyboard; sourceTree = "<group>"; };
		54D9A56227EB5EE5000413C9 /* Assets.xcassets */ = {isa = PBXFileReference; lastKnownFileType = folder.assetcatalog; path = Assets.xcassets; sourceTree = "<group>"; };
		54D9A56527EB5EE5000413C9 /* Base */ = {isa = PBXFileReference; lastKnownFileType = file.storyboard; name = Base; path = Base.lproj/LaunchScreen.storyboard; sourceTree = "<group>"; };
		54D9A56727EB5EE5000413C9 /* Info.plist */ = {isa = PBXFileReference; lastKnownFileType = text.plist.xml; path = Info.plist; sourceTree = "<group>"; };
		54D9A56C27EB5EE5000413C9 /* 7.Protocols-AppTests.xctest */ = {isa = PBXFileReference; explicitFileType = wrapper.cfbundle; includeInIndex = 0; path = "7.Protocols-AppTests.xctest"; sourceTree = BUILT_PRODUCTS_DIR; };
		54D9A57027EB5EE5000413C9 /* __Protocols_AppTests.swift */ = {isa = PBXFileReference; lastKnownFileType = sourcecode.swift; path = __Protocols_AppTests.swift; sourceTree = "<group>"; };
		54D9A57627EB5EE5000413C9 /* 7.Protocols-AppUITests.xctest */ = {isa = PBXFileReference; explicitFileType = wrapper.cfbundle; includeInIndex = 0; path = "7.Protocols-AppUITests.xctest"; sourceTree = BUILT_PRODUCTS_DIR; };
		54D9A57A27EB5EE5000413C9 /* __Protocols_AppUITests.swift */ = {isa = PBXFileReference; lastKnownFileType = sourcecode.swift; path = __Protocols_AppUITests.swift; sourceTree = "<group>"; };
		54D9A57C27EB5EE5000413C9 /* __Protocols_AppUITestsLaunchTests.swift */ = {isa = PBXFileReference; lastKnownFileType = sourcecode.swift; path = __Protocols_AppUITestsLaunchTests.swift; sourceTree = "<group>"; };
/* End PBXFileReference section */

/* Begin PBXFrameworksBuildPhase section */
		54D9A55327EB5EE1000413C9 /* Frameworks */ = {
			isa = PBXFrameworksBuildPhase;
			buildActionMask = 2147483647;
			files = (
			);
			runOnlyForDeploymentPostprocessing = 0;
		};
		54D9A56927EB5EE5000413C9 /* Frameworks */ = {
			isa = PBXFrameworksBuildPhase;
			buildActionMask = 2147483647;
			files = (
			);
			runOnlyForDeploymentPostprocessing = 0;
		};
		54D9A57327EB5EE5000413C9 /* Frameworks */ = {
			isa = PBXFrameworksBuildPhase;
			buildActionMask = 2147483647;
			files = (
			);
			runOnlyForDeploymentPostprocessing = 0;
		};
/* End PBXFrameworksBuildPhase section */

/* Begin PBXGroup section */
		54D9A54D27EB5EE1000413C9 = {
			isa = PBXGroup;
			children = (
				54D9A55827EB5EE1000413C9 /* 7.Protocols-App */,
				54D9A56F27EB5EE5000413C9 /* 7.Protocols-AppTests */,
				54D9A57927EB5EE5000413C9 /* 7.Protocols-AppUITests */,
				54D9A55727EB5EE1000413C9 /* Products */,
			);
			sourceTree = "<group>";
		};
		54D9A55727EB5EE1000413C9 /* Products */ = {
			isa = PBXGroup;
			children = (
				54D9A55627EB5EE1000413C9 /* 7.Protocols-App.app */,
				54D9A56C27EB5EE5000413C9 /* 7.Protocols-AppTests.xctest */,
				54D9A57627EB5EE5000413C9 /* 7.Protocols-AppUITests.xctest */,
			);
			name = Products;
			sourceTree = "<group>";
		};
		54D9A55827EB5EE1000413C9 /* 7.Protocols-App */ = {
			isa = PBXGroup;
			children = (
				54D9A55927EB5EE1000413C9 /* AppDelegate.swift */,
				54D9A55B27EB5EE1000413C9 /* SceneDelegate.swift */,
				54D9A55D27EB5EE1000413C9 /* ViewController.swift */,
				54D9A55F27EB5EE1000413C9 /* Main.storyboard */,
				54D9A56227EB5EE5000413C9 /* Assets.xcassets */,
				54D9A56427EB5EE5000413C9 /* LaunchScreen.storyboard */,
				54D9A56727EB5EE5000413C9 /* Info.plist */,
			);
			path = "7.Protocols-App";
			sourceTree = "<group>";
		};
		54D9A56F27EB5EE5000413C9 /* 7.Protocols-AppTests */ = {
			isa = PBXGroup;
			children = (
				54D9A57027EB5EE5000413C9 /* __Protocols_AppTests.swift */,
			);
			path = "7.Protocols-AppTests";
			sourceTree = "<group>";
		};
		54D9A57927EB5EE5000413C9 /* 7.Protocols-AppUITests */ = {
			isa = PBXGroup;
			children = (
				54D9A57A27EB5EE5000413C9 /* __Protocols_AppUITests.swift */,
				54D9A57C27EB5EE5000413C9 /* __Protocols_AppUITestsLaunchTests.swift */,
			);
			path = "7.Protocols-AppUITests";
			sourceTree = "<group>";
		};
/* End PBXGroup section */

/* Begin PBXNativeTarget section */
		54D9A55527EB5EE1000413C9 /* 7.Protocols-App */ = {
			isa = PBXNativeTarget;
			buildConfigurationList = 54D9A58027EB5EE5000413C9 /* Build configuration list for PBXNativeTarget "7.Protocols-App" */;
			buildPhases = (
				54D9A55227EB5EE1000413C9 /* Sources */,
				54D9A55327EB5EE1000413C9 /* Frameworks */,
				54D9A55427EB5EE1000413C9 /* Resources */,
			);
			buildRules = (
			);
			dependencies = (
			);
			name = "7.Protocols-App";
			productName = "7.Protocols-App";
			productReference = 54D9A55627EB5EE1000413C9 /* 7.Protocols-App.app */;
			productType = "com.apple.product-type.application";
		};
		54D9A56B27EB5EE5000413C9 /* 7.Protocols-AppTests */ = {
			isa = PBXNativeTarget;
			buildConfigurationList = 54D9A58327EB5EE5000413C9 /* Build configuration list for PBXNativeTarget "7.Protocols-AppTests" */;
			buildPhases = (
				54D9A56827EB5EE5000413C9 /* Sources */,
				54D9A56927EB5EE5000413C9 /* Frameworks */,
				54D9A56A27EB5EE5000413C9 /* Resources */,
			);
			buildRules = (
			);
			dependencies = (
				54D9A56E27EB5EE5000413C9 /* PBXTargetDependency */,
			);
			name = "7.Protocols-AppTests";
			productName = "7.Protocols-AppTests";
			productReference = 54D9A56C27EB5EE5000413C9 /* 7.Protocols-AppTests.xctest */;
			productType = "com.apple.product-type.bundle.unit-test";
		};
		54D9A57527EB5EE5000413C9 /* 7.Protocols-AppUITests */ = {
			isa = PBXNativeTarget;
			buildConfigurationList = 54D9A58627EB5EE5000413C9 /* Build configuration list for PBXNativeTarget "7.Protocols-AppUITests" */;
			buildPhases = (
				54D9A57227EB5EE5000413C9 /* Sources */,
				54D9A57327EB5EE5000413C9 /* Frameworks */,
				54D9A57427EB5EE5000413C9 /* Resources */,
			);
			buildRules = (
			);
			dependencies = (
				54D9A57827EB5EE5000413C9 /* PBXTargetDependency */,
			);
			name = "7.Protocols-AppUITests";
			productName = "7.Protocols-AppUITests";
			productReference = 54D9A57627EB5EE5000413C9 /* 7.Protocols-AppUITests.xctest */;
			productType = "com.apple.product-type.bundle.ui-testing";
		};
/* End PBXNativeTarget section */

/* Begin PBXProject section */
		54D9A54E27EB5EE1000413C9 /* Project object */ = {
			isa = PBXProject;
			attributes = {
				BuildIndependentTargetsInParallel = 1;
				LastSwiftUpdateCheck = 1310;
				LastUpgradeCheck = 1310;
				TargetAttributes = {
					54D9A55527EB5EE1000413C9 = {
						CreatedOnToolsVersion = 13.1;
					};
					54D9A56B27EB5EE5000413C9 = {
						CreatedOnToolsVersion = 13.1;
						TestTargetID = 54D9A55527EB5EE1000413C9;
					};
					54D9A57527EB5EE5000413C9 = {
						CreatedOnToolsVersion = 13.1;
						TestTargetID = 54D9A55527EB5EE1000413C9;
					};
				};
			};
			buildConfigurationList = 54D9A55127EB5EE1000413C9 /* Build configuration list for PBXProject "7.Protocols-App" */;
			compatibilityVersion = "Xcode 13.0";
			developmentRegion = en;
			hasScannedForEncodings = 0;
			knownRegions = (
				en,
				Base,
			);
			mainGroup = 54D9A54D27EB5EE1000413C9;
			productRefGroup = 54D9A55727EB5EE1000413C9 /* Products */;
			projectDirPath = "";
			projectRoot = "";
			targets = (
				54D9A55527EB5EE1000413C9 /* 7.Protocols-App */,
				54D9A56B27EB5EE5000413C9 /* 7.Protocols-AppTests */,
				54D9A57527EB5EE5000413C9 /* 7.Protocols-AppUITests */,
			);
		};
/* End PBXProject section */

/* Begin PBXResourcesBuildPhase section */
		54D9A55427EB5EE1000413C9 /* Resources */ = {
			isa = PBXResourcesBuildPhase;
			buildActionMask = 2147483647;
			files = (
				54D9A56627EB5EE5000413C9 /* LaunchScreen.storyboard in Resources */,
				54D9A56327EB5EE5000413C9 /* Assets.xcassets in Resources */,
				54D9A56127EB5EE1000413C9 /* Main.storyboard in Resources */,
			);
			runOnlyForDeploymentPostprocessing = 0;
		};
		54D9A56A27EB5EE5000413C9 /* Resources */ = {
			isa = PBXResourcesBuildPhase;
			buildActionMask = 2147483647;
			files = (
			);
			runOnlyForDeploymentPostprocessing = 0;
		};
		54D9A57427EB5EE5000413C9 /* Resources */ = {
			isa = PBXResourcesBuildPhase;
			buildActionMask = 2147483647;
			files = (
			);
			runOnlyForDeploymentPostprocessing = 0;
		};
/* End PBXResourcesBuildPhase section */

/* Begin PBXSourcesBuildPhase section */
		54D9A55227EB5EE1000413C9 /* Sources */ = {
			isa = PBXSourcesBuildPhase;
			buildActionMask = 2147483647;
			files = (
				54D9A55E27EB5EE1000413C9 /* ViewController.swift in Sources */,
				54D9A55A27EB5EE1000413C9 /* AppDelegate.swift in Sources */,
				54D9A55C27EB5EE1000413C9 /* SceneDelegate.swift in Sources */,
			);
			runOnlyForDeploymentPostprocessing = 0;
		};
		54D9A56827EB5EE5000413C9 /* Sources */ = {
			isa = PBXSourcesBuildPhase;
			buildActionMask = 2147483647;
			files = (
				54D9A57127EB5EE5000413C9 /* __Protocols_AppTests.swift in Sources */,
			);
			runOnlyForDeploymentPostprocessing = 0;
		};
		54D9A57227EB5EE5000413C9 /* Sources */ = {
			isa = PBXSourcesBuildPhase;
			buildActionMask = 2147483647;
			files = (
				54D9A57D27EB5EE5000413C9 /* __Protocols_AppUITestsLaunchTests.swift in Sources */,
				54D9A57B27EB5EE5000413C9 /* __Protocols_AppUITests.swift in Sources */,
			);
			runOnlyForDeploymentPostprocessing = 0;
		};
/* End PBXSourcesBuildPhase section */

/* Begin PBXTargetDependency section */
		54D9A56E27EB5EE5000413C9 /* PBXTargetDependency */ = {
			isa = PBXTargetDependency;
			target = 54D9A55527EB5EE1000413C9 /* 7.Protocols-App */;
			targetProxy = 54D9A56D27EB5EE5000413C9 /* PBXContainerItemProxy */;
		};
		54D9A57827EB5EE5000413C9 /* PBXTargetDependency */ = {
			isa = PBXTargetDependency;
			target = 54D9A55527EB5EE1000413C9 /* 7.Protocols-App */;
			targetProxy = 54D9A57727EB5EE5000413C9 /* PBXContainerItemProxy */;
		};
/* End PBXTargetDependency section */

/* Begin PBXVariantGroup section */
		54D9A55F27EB5EE1000413C9 /* Main.storyboard */ = {
			isa = PBXVariantGroup;
			children = (
				54D9A56027EB5EE1000413C9 /* Base */,
			);
			name = Main.storyboard;
			sourceTree = "<group>";
		};
		54D9A56427EB5EE5000413C9 /* LaunchScreen.storyboard */ = {
			isa = PBXVariantGroup;
			children = (
				54D9A56527EB5EE5000413C9 /* Base */,
			);
			name = LaunchScreen.storyboard;
			sourceTree = "<group>";
		};
/* End PBXVariantGroup section */

/* Begin XCBuildConfiguration section */
		54D9A57E27EB5EE5000413C9 /* Debug */ = {
			isa = XCBuildConfiguration;
			buildSettings = {
				ALWAYS_SEARCH_USER_PATHS = NO;
				CLANG_ANALYZER_NONNULL = YES;
				CLANG_ANALYZER_NUMBER_OBJECT_CONVERSION = YES_AGGRESSIVE;
				CLANG_CXX_LANGUAGE_STANDARD = "gnu++17";
				CLANG_CXX_LIBRARY = "libc++";
				CLANG_ENABLE_MODULES = YES;
				CLANG_ENABLE_OBJC_ARC = YES;
				CLANG_ENABLE_OBJC_WEAK = YES;
				CLANG_WARN_BLOCK_CAPTURE_AUTORELEASING = YES;
				CLANG_WARN_BOOL_CONVERSION = YES;
				CLANG_WARN_COMMA = YES;
				CLANG_WARN_CONSTANT_CONVERSION = YES;
				CLANG_WARN_DEPRECATED_OBJC_IMPLEMENTATIONS = YES;
				CLANG_WARN_DIRECT_OBJC_ISA_USAGE = YES_ERROR;
				CLANG_WARN_DOCUMENTATION_COMMENTS = YES;
				CLANG_WARN_EMPTY_BODY = YES;
				CLANG_WARN_ENUM_CONVERSION = YES;
				CLANG_WARN_INFINITE_RECURSION = YES;
				CLANG_WARN_INT_CONVERSION = YES;
				CLANG_WARN_NON_LITERAL_NULL_CONVERSION = YES;
				CLANG_WARN_OBJC_IMPLICIT_RETAIN_SELF = YES;
				CLANG_WARN_OBJC_LITERAL_CONVERSION = YES;
				CLANG_WARN_OBJC_ROOT_CLASS = YES_ERROR;
				CLANG_WARN_QUOTED_INCLUDE_IN_FRAMEWORK_HEADER = YES;
				CLANG_WARN_RANGE_LOOP_ANALYSIS = YES;
				CLANG_WARN_STRICT_PROTOTYPES = YES;
				CLANG_WARN_SUSPICIOUS_MOVE = YES;
				CLANG_WARN_UNGUARDED_AVAILABILITY = YES_AGGRESSIVE;
				CLANG_WARN_UNREACHABLE_CODE = YES;
				CLANG_WARN__DUPLICATE_METHOD_MATCH = YES;
				COPY_PHASE_STRIP = NO;
				DEBUG_INFORMATION_FORMAT = dwarf;
				ENABLE_STRICT_OBJC_MSGSEND = YES;
				ENABLE_TESTABILITY = YES;
				GCC_C_LANGUAGE_STANDARD = gnu11;
				GCC_DYNAMIC_NO_PIC = NO;
				GCC_NO_COMMON_BLOCKS = YES;
				GCC_OPTIMIZATION_LEVEL = 0;
				GCC_PREPROCESSOR_DEFINITIONS = (
					"DEBUG=1",
					"$(inherited)",
				);
				GCC_WARN_64_TO_32_BIT_CONVERSION = YES;
				GCC_WARN_ABOUT_RETURN_TYPE = YES_ERROR;
				GCC_WARN_UNDECLARED_SELECTOR = YES;
				GCC_WARN_UNINITIALIZED_AUTOS = YES_AGGRESSIVE;
				GCC_WARN_UNUSED_FUNCTION = YES;
				GCC_WARN_UNUSED_VARIABLE = YES;
				IPHONEOS_DEPLOYMENT_TARGET = 15.0;
				MTL_ENABLE_DEBUG_INFO = INCLUDE_SOURCE;
				MTL_FAST_MATH = YES;
				ONLY_ACTIVE_ARCH = YES;
				SDKROOT = iphoneos;
				SWIFT_ACTIVE_COMPILATION_CONDITIONS = DEBUG;
				SWIFT_OPTIMIZATION_LEVEL = "-Onone";
			};
			name = Debug;
		};
		54D9A57F27EB5EE5000413C9 /* Release */ = {
			isa = XCBuildConfiguration;
			buildSettings = {
				ALWAYS_SEARCH_USER_PATHS = NO;
				CLANG_ANALYZER_NONNULL = YES;
				CLANG_ANALYZER_NUMBER_OBJECT_CONVERSION = YES_AGGRESSIVE;
				CLANG_CXX_LANGUAGE_STANDARD = "gnu++17";
				CLANG_CXX_LIBRARY = "libc++";
				CLANG_ENABLE_MODULES = YES;
				CLANG_ENABLE_OBJC_ARC = YES;
				CLANG_ENABLE_OBJC_WEAK = YES;
				CLANG_WARN_BLOCK_CAPTURE_AUTORELEASING = YES;
				CLANG_WARN_BOOL_CONVERSION = YES;
				CLANG_WARN_COMMA = YES;
				CLANG_WARN_CONSTANT_CONVERSION = YES;
				CLANG_WARN_DEPRECATED_OBJC_IMPLEMENTATIONS = YES;
				CLANG_WARN_DIRECT_OBJC_ISA_USAGE = YES_ERROR;
				CLANG_WARN_DOCUMENTATION_COMMENTS = YES;
				CLANG_WARN_EMPTY_BODY = YES;
				CLANG_WARN_ENUM_CONVERSION = YES;
				CLANG_WARN_INFINITE_RECURSION = YES;
				CLANG_WARN_INT_CONVERSION = YES;
				CLANG_WARN_NON_LITERAL_NULL_CONVERSION = YES;
				CLANG_WARN_OBJC_IMPLICIT_RETAIN_SELF = YES;
				CLANG_WARN_OBJC_LITERAL_CONVERSION = YES;
				CLANG_WARN_OBJC_ROOT_CLASS = YES_ERROR;
				CLANG_WARN_QUOTED_INCLUDE_IN_FRAMEWORK_HEADER = YES;
				CLANG_WARN_RANGE_LOOP_ANALYSIS = YES;
				CLANG_WARN_STRICT_PROTOTYPES = YES;
				CLANG_WARN_SUSPICIOUS_MOVE = YES;
				CLANG_WARN_UNGUARDED_AVAILABILITY = YES_AGGRESSIVE;
				CLANG_WARN_UNREACHABLE_CODE = YES;
				CLANG_WARN__DUPLICATE_METHOD_MATCH = YES;
				COPY_PHASE_STRIP = NO;
				DEBUG_INFORMATION_FORMAT = "dwarf-with-dsym";
				ENABLE_NS_ASSERTIONS = NO;
				ENABLE_STRICT_OBJC_MSGSEND = YES;
				GCC_C_LANGUAGE_STANDARD = gnu11;
				GCC_NO_COMMON_BLOCKS = YES;
				GCC_WARN_64_TO_32_BIT_CONVERSION = YES;
				GCC_WARN_ABOUT_RETURN_TYPE = YES_ERROR;
				GCC_WARN_UNDECLARED_SELECTOR = YES;
				GCC_WARN_UNINITIALIZED_AUTOS = YES_AGGRESSIVE;
				GCC_WARN_UNUSED_FUNCTION = YES;
				GCC_WARN_UNUSED_VARIABLE = YES;
				IPHONEOS_DEPLOYMENT_TARGET = 15.0;
				MTL_ENABLE_DEBUG_INFO = NO;
				MTL_FAST_MATH = YES;
				SDKROOT = iphoneos;
				SWIFT_COMPILATION_MODE = wholemodule;
				SWIFT_OPTIMIZATION_LEVEL = "-O";
				VALIDATE_PRODUCT = YES;
			};
			name = Release;
		};
		54D9A58127EB5EE5000413C9 /* Debug */ = {
			isa = XCBuildConfiguration;
			buildSettings = {
				ASSETCATALOG_COMPILER_APPICON_NAME = AppIcon;
				ASSETCATALOG_COMPILER_GLOBAL_ACCENT_COLOR_NAME = AccentColor;
				CODE_SIGN_STYLE = Automatic;
				CURRENT_PROJECT_VERSION = 1;
				GENERATE_INFOPLIST_FILE = YES;
				INFOPLIST_FILE = "7.Protocols-App/Info.plist";
				INFOPLIST_KEY_UIApplicationSupportsIndirectInputEvents = YES;
				INFOPLIST_KEY_UILaunchStoryboardName = LaunchScreen;
				INFOPLIST_KEY_UIMainStoryboardFile = Main;
				INFOPLIST_KEY_UISupportedInterfaceOrientations_iPad = "UIInterfaceOrientationPortrait UIInterfaceOrientationPortraitUpsideDown UIInterfaceOrientationLandscapeLeft UIInterfaceOrientationLandscapeRight";
				INFOPLIST_KEY_UISupportedInterfaceOrientations_iPhone = "UIInterfaceOrientationPortrait UIInterfaceOrientationLandscapeLeft UIInterfaceOrientationLandscapeRight";
				LD_RUNPATH_SEARCH_PATHS = (
					"$(inherited)",
					"@executable_path/Frameworks",
				);
				MARKETING_VERSION = 1.0;
				PRODUCT_BUNDLE_IDENTIFIER = "com.anastasija.--Protocols-App";
				PRODUCT_NAME = "$(TARGET_NAME)";
				SWIFT_EMIT_LOC_STRINGS = YES;
				SWIFT_VERSION = 5.0;
				TARGETED_DEVICE_FAMILY = "1,2";
			};
			name = Debug;
		};
		54D9A58227EB5EE5000413C9 /* Release */ = {
			isa = XCBuildConfiguration;
			buildSettings = {
				ASSETCATALOG_COMPILER_APPICON_NAME = AppIcon;
				ASSETCATALOG_COMPILER_GLOBAL_ACCENT_COLOR_NAME = AccentColor;
				CODE_SIGN_STYLE = Automatic;
				CURRENT_PROJECT_VERSION = 1;
				GENERATE_INFOPLIST_FILE = YES;
				INFOPLIST_FILE = "7.Protocols-App/Info.plist";
				INFOPLIST_KEY_UIApplicationSupportsIndirectInputEvents = YES;
				INFOPLIST_KEY_UILaunchStoryboardName = LaunchScreen;
				INFOPLIST_KEY_UIMainStoryboardFile = Main;
				INFOPLIST_KEY_UISupportedInterfaceOrientations_iPad = "UIInterfaceOrientationPortrait UIInterfaceOrientationPortraitUpsideDown UIInterfaceOrientationLandscapeLeft UIInterfaceOrientationLandscapeRight";
				INFOPLIST_KEY_UISupportedInterfaceOrientations_iPhone = "UIInterfaceOrientationPortrait UIInterfaceOrientationLandscapeLeft UIInterfaceOrientationLandscapeRight";
				LD_RUNPATH_SEARCH_PATHS = (
					"$(inherited)",
					"@executable_path/Frameworks",
				);
				MARKETING_VERSION = 1.0;
				PRODUCT_BUNDLE_IDENTIFIER = "com.anastasija.--Protocols-App";
				PRODUCT_NAME = "$(TARGET_NAME)";
				SWIFT_EMIT_LOC_STRINGS = YES;
				SWIFT_VERSION = 5.0;
				TARGETED_DEVICE_FAMILY = "1,2";
			};
			name = Release;
		};
		54D9A58427EB5EE5000413C9 /* Debug */ = {
			isa = XCBuildConfiguration;
			buildSettings = {
				ALWAYS_EMBED_SWIFT_STANDARD_LIBRARIES = YES;
				BUNDLE_LOADER = "$(TEST_HOST)";
				CODE_SIGN_STYLE = Automatic;
				CURRENT_PROJECT_VERSION = 1;
				GENERATE_INFOPLIST_FILE = YES;
				IPHONEOS_DEPLOYMENT_TARGET = 15.0;
				LD_RUNPATH_SEARCH_PATHS = (
					"$(inherited)",
					"@executable_path/Frameworks",
					"@loader_path/Frameworks",
				);
				MARKETING_VERSION = 1.0;
				PRODUCT_BUNDLE_IDENTIFIER = "com.anastasija.--Protocols-AppTests";
				PRODUCT_NAME = "$(TARGET_NAME)";
				SWIFT_EMIT_LOC_STRINGS = NO;
				SWIFT_VERSION = 5.0;
				TARGETED_DEVICE_FAMILY = "1,2";
				TEST_HOST = "$(BUILT_PRODUCTS_DIR)/7.Protocols-App.app/7.Protocols-App";
			};
			name = Debug;
		};
		54D9A58527EB5EE5000413C9 /* Release */ = {
			isa = XCBuildConfiguration;
			buildSettings = {
				ALWAYS_EMBED_SWIFT_STANDARD_LIBRARIES = YES;
				BUNDLE_LOADER = "$(TEST_HOST)";
				CODE_SIGN_STYLE = Automatic;
				CURRENT_PROJECT_VERSION = 1;
				GENERATE_INFOPLIST_FILE = YES;
				IPHONEOS_DEPLOYMENT_TARGET = 15.0;
				LD_RUNPATH_SEARCH_PATHS = (
					"$(inherited)",
					"@executable_path/Frameworks",
					"@loader_path/Frameworks",
				);
				MARKETING_VERSION = 1.0;
				PRODUCT_BUNDLE_IDENTIFIER = "com.anastasija.--Protocols-AppTests";
				PRODUCT_NAME = "$(TARGET_NAME)";
				SWIFT_EMIT_LOC_STRINGS = NO;
				SWIFT_VERSION = 5.0;
				TARGETED_DEVICE_FAMILY = "1,2";
				TEST_HOST = "$(BUILT_PRODUCTS_DIR)/7.Protocols-App.app/7.Protocols-App";
			};
			name = Release;
		};
		54D9A58727EB5EE5000413C9 /* Debug */ = {
			isa = XCBuildConfiguration;
			buildSettings = {
				ALWAYS_EMBED_SWIFT_STANDARD_LIBRARIES = YES;
				CODE_SIGN_STYLE = Automatic;
				CURRENT_PROJECT_VERSION = 1;
				GENERATE_INFOPLIST_FILE = YES;
				LD_RUNPATH_SEARCH_PATHS = (
					"$(inherited)",
					"@executable_path/Frameworks",
					"@loader_path/Frameworks",
				);
				MARKETING_VERSION = 1.0;
				PRODUCT_BUNDLE_IDENTIFIER = "com.anastasija.--Protocols-AppUITests";
				PRODUCT_NAME = "$(TARGET_NAME)";
				SWIFT_EMIT_LOC_STRINGS = NO;
				SWIFT_VERSION = 5.0;
				TARGETED_DEVICE_FAMILY = "1,2";
				TEST_TARGET_NAME = "7.Protocols-App";
			};
			name = Debug;
		};
		54D9A58827EB5EE5000413C9 /* Release */ = {
			isa = XCBuildConfiguration;
			buildSettings = {
				ALWAYS_EMBED_SWIFT_STANDARD_LIBRARIES = YES;
				CODE_SIGN_STYLE = Automatic;
				CURRENT_PROJECT_VERSION = 1;
				GENERATE_INFOPLIST_FILE = YES;
				LD_RUNPATH_SEARCH_PATHS = (
					"$(inherited)",
					"@executable_path/Frameworks",
					"@loader_path/Frameworks",
				);
				MARKETING_VERSION = 1.0;
				PRODUCT_BUNDLE_IDENTIFIER = "com.anastasija.--Protocols-AppUITests";
				PRODUCT_NAME = "$(TARGET_NAME)";
				SWIFT_EMIT_LOC_STRINGS = NO;
				SWIFT_VERSION = 5.0;
				TARGETED_DEVICE_FAMILY = "1,2";
				TEST_TARGET_NAME = "7.Protocols-App";
			};
			name = Release;
		};
/* End XCBuildConfiguration section */

/* Begin XCConfigurationList section */
		54D9A55127EB5EE1000413C9 /* Build configuration list for PBXProject "7.Protocols-App" */ = {
			isa = XCConfigurationList;
			buildConfigurations = (
				54D9A57E27EB5EE5000413C9 /* Debug */,
				54D9A57F27EB5EE5000413C9 /* Release */,
			);
			defaultConfigurationIsVisible = 0;
			defaultConfigurationName = Release;
		};
		54D9A58027EB5EE5000413C9 /* Build configuration list for PBXNativeTarget "7.Protocols-App" */ = {
			isa = XCConfigurationList;
			buildConfigurations = (
				54D9A58127EB5EE5000413C9 /* Debug */,
				54D9A58227EB5EE5000413C9 /* Release */,
			);
			defaultConfigurationIsVisible = 0;
			defaultConfigurationName = Release;
		};
		54D9A58327EB5EE5000413C9 /* Build configuration list for PBXNativeTarget "7.Protocols-AppTests" */ = {
			isa = XCConfigurationList;
			buildConfigurations = (
				54D9A58427EB5EE5000413C9 /* Debug */,
				54D9A58527EB5EE5000413C9 /* Release */,
			);
			defaultConfigurationIsVisible = 0;
			defaultConfigurationName = Release;
		};
		54D9A58627EB5EE5000413C9 /* Build configuration list for PBXNativeTarget "7.Protocols-AppUITests" */ = {
			isa = XCConfigurationList;
			buildConfigurations = (
				54D9A58727EB5EE5000413C9 /* Debug */,
				54D9A58827EB5EE5000413C9 /* Release */,
			);
			defaultConfigurationIsVisible = 0;
			defaultConfigurationName = Release;
		};
/* End XCConfigurationList section */
	};
	rootObject = 54D9A54E27EB5EE1000413C9 /* Project object */;
}
