// !$*UTF8*$!
{
	archiveVersion = 1;
	classes = {
	};
	objectVersion = 55;
	objects = {

/* Begin PBXBuildFile section */
		54F6D09327EDFB8600AF14DE /* AppDelegate.swift in Sources */ = {isa = PBXBuildFile; fileRef = 54F6D09227EDFB8600AF14DE /* AppDelegate.swift */; };
		54F6D09527EDFB8600AF14DE /* SceneDelegate.swift in Sources */ = {isa = PBXBuildFile; fileRef = 54F6D09427EDFB8600AF14DE /* SceneDelegate.swift */; };
		54F6D09727EDFB8600AF14DE /* ViewController.swift in Sources */ = {isa = PBXBuildFile; fileRef = 54F6D09627EDFB8600AF14DE /* ViewController.swift */; };
		54F6D09A27EDFB8700AF14DE /* Main.storyboard in Resources */ = {isa = PBXBuildFile; fileRef = 54F6D09827EDFB8700AF14DE /* Main.storyboard */; };
		54F6D09C27EDFB8900AF14DE /* Assets.xcassets in Resources */ = {isa = PBXBuildFile; fileRef = 54F6D09B27EDFB8900AF14DE /* Assets.xcassets */; };
		54F6D09F27EDFB8900AF14DE /* LaunchScreen.storyboard in Resources */ = {isa = PBXBuildFile; fileRef = 54F6D09D27EDFB8900AF14DE /* LaunchScreen.storyboard */; };
		54F6D0AA27EDFB8900AF14DE /* I_am_RichTests.swift in Sources */ = {isa = PBXBuildFile; fileRef = 54F6D0A927EDFB8900AF14DE /* I_am_RichTests.swift */; };
		54F6D0B427EDFB8900AF14DE /* I_am_RichUITests.swift in Sources */ = {isa = PBXBuildFile; fileRef = 54F6D0B327EDFB8900AF14DE /* I_am_RichUITests.swift */; };
		54F6D0B627EDFB8900AF14DE /* I_am_RichUITestsLaunchTests.swift in Sources */ = {isa = PBXBuildFile; fileRef = 54F6D0B527EDFB8900AF14DE /* I_am_RichUITestsLaunchTests.swift */; };
/* End PBXBuildFile section */

/* Begin PBXContainerItemProxy section */
		54F6D0A627EDFB8900AF14DE /* PBXContainerItemProxy */ = {
			isa = PBXContainerItemProxy;
			containerPortal = 54F6D08727EDFB8600AF14DE /* Project object */;
			proxyType = 1;
			remoteGlobalIDString = 54F6D08E27EDFB8600AF14DE;
			remoteInfo = "I am Rich";
		};
		54F6D0B027EDFB8900AF14DE /* PBXContainerItemProxy */ = {
			isa = PBXContainerItemProxy;
			containerPortal = 54F6D08727EDFB8600AF14DE /* Project object */;
			proxyType = 1;
			remoteGlobalIDString = 54F6D08E27EDFB8600AF14DE;
			remoteInfo = "I am Rich";
		};
/* End PBXContainerItemProxy section */

/* Begin PBXFileReference section */
		54F6D08F27EDFB8600AF14DE /* I am Rich.app */ = {isa = PBXFileReference; explicitFileType = wrapper.application; includeInIndex = 0; path = "I am Rich.app"; sourceTree = BUILT_PRODUCTS_DIR; };
		54F6D09227EDFB8600AF14DE /* AppDelegate.swift */ = {isa = PBXFileReference; lastKnownFileType = sourcecode.swift; path = AppDelegate.swift; sourceTree = "<group>"; };
		54F6D09427EDFB8600AF14DE /* SceneDelegate.swift */ = {isa = PBXFileReference; lastKnownFileType = sourcecode.swift; path = SceneDelegate.swift; sourceTree = "<group>"; };
		54F6D09627EDFB8600AF14DE /* ViewController.swift */ = {isa = PBXFileReference; lastKnownFileType = sourcecode.swift; path = ViewController.swift; sourceTree = "<group>"; };
		54F6D09927EDFB8700AF14DE /* Base */ = {isa = PBXFileReference; lastKnownFileType = file.storyboard; name = Base; path = Base.lproj/Main.storyboard; sourceTree = "<group>"; };
		54F6D09B27EDFB8900AF14DE /* Assets.xcassets */ = {isa = PBXFileReference; lastKnownFileType = folder.assetcatalog; path = Assets.xcassets; sourceTree = "<group>"; };
		54F6D09E27EDFB8900AF14DE /* Base */ = {isa = PBXFileReference; lastKnownFileType = file.storyboard; name = Base; path = Base.lproj/LaunchScreen.storyboard; sourceTree = "<group>"; };
		54F6D0A027EDFB8900AF14DE /* Info.plist */ = {isa = PBXFileReference; lastKnownFileType = text.plist.xml; path = Info.plist; sourceTree = "<group>"; };
		54F6D0A527EDFB8900AF14DE /* I am RichTests.xctest */ = {isa = PBXFileReference; explicitFileType = wrapper.cfbundle; includeInIndex = 0; path = "I am RichTests.xctest"; sourceTree = BUILT_PRODUCTS_DIR; };
		54F6D0A927EDFB8900AF14DE /* I_am_RichTests.swift */ = {isa = PBXFileReference; lastKnownFileType = sourcecode.swift; path = I_am_RichTests.swift; sourceTree = "<group>"; };
		54F6D0AF27EDFB8900AF14DE /* I am RichUITests.xctest */ = {isa = PBXFileReference; explicitFileType = wrapper.cfbundle; includeInIndex = 0; path = "I am RichUITests.xctest"; sourceTree = BUILT_PRODUCTS_DIR; };
		54F6D0B327EDFB8900AF14DE /* I_am_RichUITests.swift */ = {isa = PBXFileReference; lastKnownFileType = sourcecode.swift; path = I_am_RichUITests.swift; sourceTree = "<group>"; };
		54F6D0B527EDFB8900AF14DE /* I_am_RichUITestsLaunchTests.swift */ = {isa = PBXFileReference; lastKnownFileType = sourcecode.swift; path = I_am_RichUITestsLaunchTests.swift; sourceTree = "<group>"; };
/* End PBXFileReference section */

/* Begin PBXFrameworksBuildPhase section */
		54F6D08C27EDFB8600AF14DE /* Frameworks */ = {
			isa = PBXFrameworksBuildPhase;
			buildActionMask = 2147483647;
			files = (
			);
			runOnlyForDeploymentPostprocessing = 0;
		};
		54F6D0A227EDFB8900AF14DE /* Frameworks */ = {
			isa = PBXFrameworksBuildPhase;
			buildActionMask = 2147483647;
			files = (
			);
			runOnlyForDeploymentPostprocessing = 0;
		};
		54F6D0AC27EDFB8900AF14DE /* Frameworks */ = {
			isa = PBXFrameworksBuildPhase;
			buildActionMask = 2147483647;
			files = (
			);
			runOnlyForDeploymentPostprocessing = 0;
		};
/* End PBXFrameworksBuildPhase section */

/* Begin PBXGroup section */
		54F6D08627EDFB8600AF14DE = {
			isa = PBXGroup;
			children = (
				54F6D09127EDFB8600AF14DE /* I am Rich */,
				54F6D0A827EDFB8900AF14DE /* I am RichTests */,
				54F6D0B227EDFB8900AF14DE /* I am RichUITests */,
				54F6D09027EDFB8600AF14DE /* Products */,
			);
			sourceTree = "<group>";
		};
		54F6D09027EDFB8600AF14DE /* Products */ = {
			isa = PBXGroup;
			children = (
				54F6D08F27EDFB8600AF14DE /* I am Rich.app */,
				54F6D0A527EDFB8900AF14DE /* I am RichTests.xctest */,
				54F6D0AF27EDFB8900AF14DE /* I am RichUITests.xctest */,
			);
			name = Products;
			sourceTree = "<group>";
		};
		54F6D09127EDFB8600AF14DE /* I am Rich */ = {
			isa = PBXGroup;
			children = (
				54F6D09227EDFB8600AF14DE /* AppDelegate.swift */,
				54F6D09427EDFB8600AF14DE /* SceneDelegate.swift */,
				54F6D09627EDFB8600AF14DE /* ViewController.swift */,
				54F6D09827EDFB8700AF14DE /* Main.storyboard */,
				54F6D09B27EDFB8900AF14DE /* Assets.xcassets */,
				54F6D09D27EDFB8900AF14DE /* LaunchScreen.storyboard */,
				54F6D0A027EDFB8900AF14DE /* Info.plist */,
			);
			path = "I am Rich";
			sourceTree = "<group>";
		};
		54F6D0A827EDFB8900AF14DE /* I am RichTests */ = {
			isa = PBXGroup;
			children = (
				54F6D0A927EDFB8900AF14DE /* I_am_RichTests.swift */,
			);
			path = "I am RichTests";
			sourceTree = "<group>";
		};
		54F6D0B227EDFB8900AF14DE /* I am RichUITests */ = {
			isa = PBXGroup;
			children = (
				54F6D0B327EDFB8900AF14DE /* I_am_RichUITests.swift */,
				54F6D0B527EDFB8900AF14DE /* I_am_RichUITestsLaunchTests.swift */,
			);
			path = "I am RichUITests";
			sourceTree = "<group>";
		};
/* End PBXGroup section */

/* Begin PBXNativeTarget section */
		54F6D08E27EDFB8600AF14DE /* I am Rich */ = {
			isa = PBXNativeTarget;
			buildConfigurationList = 54F6D0B927EDFB8900AF14DE /* Build configuration list for PBXNativeTarget "I am Rich" */;
			buildPhases = (
				54F6D08B27EDFB8600AF14DE /* Sources */,
				54F6D08C27EDFB8600AF14DE /* Frameworks */,
				54F6D08D27EDFB8600AF14DE /* Resources */,
			);
			buildRules = (
			);
			dependencies = (
			);
			name = "I am Rich";
			productName = "I am Rich";
			productReference = 54F6D08F27EDFB8600AF14DE /* I am Rich.app */;
			productType = "com.apple.product-type.application";
		};
		54F6D0A427EDFB8900AF14DE /* I am RichTests */ = {
			isa = PBXNativeTarget;
			buildConfigurationList = 54F6D0BC27EDFB8900AF14DE /* Build configuration list for PBXNativeTarget "I am RichTests" */;
			buildPhases = (
				54F6D0A127EDFB8900AF14DE /* Sources */,
				54F6D0A227EDFB8900AF14DE /* Frameworks */,
				54F6D0A327EDFB8900AF14DE /* Resources */,
			);
			buildRules = (
			);
			dependencies = (
				54F6D0A727EDFB8900AF14DE /* PBXTargetDependency */,
			);
			name = "I am RichTests";
			productName = "I am RichTests";
			productReference = 54F6D0A527EDFB8900AF14DE /* I am RichTests.xctest */;
			productType = "com.apple.product-type.bundle.unit-test";
		};
		54F6D0AE27EDFB8900AF14DE /* I am RichUITests */ = {
			isa = PBXNativeTarget;
			buildConfigurationList = 54F6D0BF27EDFB8900AF14DE /* Build configuration list for PBXNativeTarget "I am RichUITests" */;
			buildPhases = (
				54F6D0AB27EDFB8900AF14DE /* Sources */,
				54F6D0AC27EDFB8900AF14DE /* Frameworks */,
				54F6D0AD27EDFB8900AF14DE /* Resources */,
			);
			buildRules = (
			);
			dependencies = (
				54F6D0B127EDFB8900AF14DE /* PBXTargetDependency */,
			);
			name = "I am RichUITests";
			productName = "I am RichUITests";
			productReference = 54F6D0AF27EDFB8900AF14DE /* I am RichUITests.xctest */;
			productType = "com.apple.product-type.bundle.ui-testing";
		};
/* End PBXNativeTarget section */

/* Begin PBXProject section */
		54F6D08727EDFB8600AF14DE /* Project object */ = {
			isa = PBXProject;
			attributes = {
				BuildIndependentTargetsInParallel = 1;
				LastSwiftUpdateCheck = 1310;
				LastUpgradeCheck = 1310;
				TargetAttributes = {
					54F6D08E27EDFB8600AF14DE = {
						CreatedOnToolsVersion = 13.1;
					};
					54F6D0A427EDFB8900AF14DE = {
						CreatedOnToolsVersion = 13.1;
						TestTargetID = 54F6D08E27EDFB8600AF14DE;
					};
					54F6D0AE27EDFB8900AF14DE = {
						CreatedOnToolsVersion = 13.1;
						TestTargetID = 54F6D08E27EDFB8600AF14DE;
					};
				};
			};
			buildConfigurationList = 54F6D08A27EDFB8600AF14DE /* Build configuration list for PBXProject "I am Rich" */;
			compatibilityVersion = "Xcode 13.0";
			developmentRegion = en;
			hasScannedForEncodings = 0;
			knownRegions = (
				en,
				Base,
			);
			mainGroup = 54F6D08627EDFB8600AF14DE;
			productRefGroup = 54F6D09027EDFB8600AF14DE /* Products */;
			projectDirPath = "";
			projectRoot = "";
			targets = (
				54F6D08E27EDFB8600AF14DE /* I am Rich */,
				54F6D0A427EDFB8900AF14DE /* I am RichTests */,
				54F6D0AE27EDFB8900AF14DE /* I am RichUITests */,
			);
		};
/* End PBXProject section */

/* Begin PBXResourcesBuildPhase section */
		54F6D08D27EDFB8600AF14DE /* Resources */ = {
			isa = PBXResourcesBuildPhase;
			buildActionMask = 2147483647;
			files = (
				54F6D09F27EDFB8900AF14DE /* LaunchScreen.storyboard in Resources */,
				54F6D09C27EDFB8900AF14DE /* Assets.xcassets in Resources */,
				54F6D09A27EDFB8700AF14DE /* Main.storyboard in Resources */,
			);
			runOnlyForDeploymentPostprocessing = 0;
		};
		54F6D0A327EDFB8900AF14DE /* Resources */ = {
			isa = PBXResourcesBuildPhase;
			buildActionMask = 2147483647;
			files = (
			);
			runOnlyForDeploymentPostprocessing = 0;
		};
		54F6D0AD27EDFB8900AF14DE /* Resources */ = {
			isa = PBXResourcesBuildPhase;
			buildActionMask = 2147483647;
			files = (
			);
			runOnlyForDeploymentPostprocessing = 0;
		};
/* End PBXResourcesBuildPhase section */

/* Begin PBXSourcesBuildPhase section */
		54F6D08B27EDFB8600AF14DE /* Sources */ = {
			isa = PBXSourcesBuildPhase;
			buildActionMask = 2147483647;
			files = (
				54F6D09727EDFB8600AF14DE /* ViewController.swift in Sources */,
				54F6D09327EDFB8600AF14DE /* AppDelegate.swift in Sources */,
				54F6D09527EDFB8600AF14DE /* SceneDelegate.swift in Sources */,
			);
			runOnlyForDeploymentPostprocessing = 0;
		};
		54F6D0A127EDFB8900AF14DE /* Sources */ = {
			isa = PBXSourcesBuildPhase;
			buildActionMask = 2147483647;
			files = (
				54F6D0AA27EDFB8900AF14DE /* I_am_RichTests.swift in Sources */,
			);
			runOnlyForDeploymentPostprocessing = 0;
		};
		54F6D0AB27EDFB8900AF14DE /* Sources */ = {
			isa = PBXSourcesBuildPhase;
			buildActionMask = 2147483647;
			files = (
				54F6D0B627EDFB8900AF14DE /* I_am_RichUITestsLaunchTests.swift in Sources */,
				54F6D0B427EDFB8900AF14DE /* I_am_RichUITests.swift in Sources */,
			);
			runOnlyForDeploymentPostprocessing = 0;
		};
/* End PBXSourcesBuildPhase section */

/* Begin PBXTargetDependency section */
		54F6D0A727EDFB8900AF14DE /* PBXTargetDependency */ = {
			isa = PBXTargetDependency;
			target = 54F6D08E27EDFB8600AF14DE /* I am Rich */;
			targetProxy = 54F6D0A627EDFB8900AF14DE /* PBXContainerItemProxy */;
		};
		54F6D0B127EDFB8900AF14DE /* PBXTargetDependency */ = {
			isa = PBXTargetDependency;
			target = 54F6D08E27EDFB8600AF14DE /* I am Rich */;
			targetProxy = 54F6D0B027EDFB8900AF14DE /* PBXContainerItemProxy */;
		};
/* End PBXTargetDependency section */

/* Begin PBXVariantGroup section */
		54F6D09827EDFB8700AF14DE /* Main.storyboard */ = {
			isa = PBXVariantGroup;
			children = (
				54F6D09927EDFB8700AF14DE /* Base */,
			);
			name = Main.storyboard;
			sourceTree = "<group>";
		};
		54F6D09D27EDFB8900AF14DE /* LaunchScreen.storyboard */ = {
			isa = PBXVariantGroup;
			children = (
				54F6D09E27EDFB8900AF14DE /* Base */,
			);
			name = LaunchScreen.storyboard;
			sourceTree = "<group>";
		};
/* End PBXVariantGroup section */

/* Begin XCBuildConfiguration section */
		54F6D0B727EDFB8900AF14DE /* Debug */ = {
			isa = XCBuildConfiguration;
			buildSettings = {
				ALWAYS_SEARCH_USER_PATHS = NO;
				CLANG_ANALYZER_NONNULL = YES;
				CLANG_ANALYZER_NUMBER_OBJECT_CONVERSION = YES_AGGRESSIVE;
				CLANG_CXX_LANGUAGE_STANDARD = "gnu++17";
				CLANG_CXX_LIBRARY = "libc++";
				CLANG_ENABLE_MODULES = YES;
				CLANG_ENABLE_OBJC_ARC = YES;
				CLANG_ENABLE_OBJC_WEAK = YES;
				CLANG_WARN_BLOCK_CAPTURE_AUTORELEASING = YES;
				CLANG_WARN_BOOL_CONVERSION = YES;
				CLANG_WARN_COMMA = YES;
				CLANG_WARN_CONSTANT_CONVERSION = YES;
				CLANG_WARN_DEPRECATED_OBJC_IMPLEMENTATIONS = YES;
				CLANG_WARN_DIRECT_OBJC_ISA_USAGE = YES_ERROR;
				CLANG_WARN_DOCUMENTATION_COMMENTS = YES;
				CLANG_WARN_EMPTY_BODY = YES;
				CLANG_WARN_ENUM_CONVERSION = YES;
				CLANG_WARN_INFINITE_RECURSION = YES;
				CLANG_WARN_INT_CONVERSION = YES;
				CLANG_WARN_NON_LITERAL_NULL_CONVERSION = YES;
				CLANG_WARN_OBJC_IMPLICIT_RETAIN_SELF = YES;
				CLANG_WARN_OBJC_LITERAL_CONVERSION = YES;
				CLANG_WARN_OBJC_ROOT_CLASS = YES_ERROR;
				CLANG_WARN_QUOTED_INCLUDE_IN_FRAMEWORK_HEADER = YES;
				CLANG_WARN_RANGE_LOOP_ANALYSIS = YES;
				CLANG_WARN_STRICT_PROTOTYPES = YES;
				CLANG_WARN_SUSPICIOUS_MOVE = YES;
				CLANG_WARN_UNGUARDED_AVAILABILITY = YES_AGGRESSIVE;
				CLANG_WARN_UNREACHABLE_CODE = YES;
				CLANG_WARN__DUPLICATE_METHOD_MATCH = YES;
				COPY_PHASE_STRIP = NO;
				DEBUG_INFORMATION_FORMAT = dwarf;
				ENABLE_STRICT_OBJC_MSGSEND = YES;
				ENABLE_TESTABILITY = YES;
				GCC_C_LANGUAGE_STANDARD = gnu11;
				GCC_DYNAMIC_NO_PIC = NO;
				GCC_NO_COMMON_BLOCKS = YES;
				GCC_OPTIMIZATION_LEVEL = 0;
				GCC_PREPROCESSOR_DEFINITIONS = (
					"DEBUG=1",
					"$(inherited)",
				);
				GCC_WARN_64_TO_32_BIT_CONVERSION = YES;
				GCC_WARN_ABOUT_RETURN_TYPE = YES_ERROR;
				GCC_WARN_UNDECLARED_SELECTOR = YES;
				GCC_WARN_UNINITIALIZED_AUTOS = YES_AGGRESSIVE;
				GCC_WARN_UNUSED_FUNCTION = YES;
				GCC_WARN_UNUSED_VARIABLE = YES;
				IPHONEOS_DEPLOYMENT_TARGET = 15.0;
				MTL_ENABLE_DEBUG_INFO = INCLUDE_SOURCE;
				MTL_FAST_MATH = YES;
				ONLY_ACTIVE_ARCH = YES;
				SDKROOT = iphoneos;
				SWIFT_ACTIVE_COMPILATION_CONDITIONS = DEBUG;
				SWIFT_OPTIMIZATION_LEVEL = "-Onone";
			};
			name = Debug;
		};
		54F6D0B827EDFB8900AF14DE /* Release */ = {
			isa = XCBuildConfiguration;
			buildSettings = {
				ALWAYS_SEARCH_USER_PATHS = NO;
				CLANG_ANALYZER_NONNULL = YES;
				CLANG_ANALYZER_NUMBER_OBJECT_CONVERSION = YES_AGGRESSIVE;
				CLANG_CXX_LANGUAGE_STANDARD = "gnu++17";
				CLANG_CXX_LIBRARY = "libc++";
				CLANG_ENABLE_MODULES = YES;
				CLANG_ENABLE_OBJC_ARC = YES;
				CLANG_ENABLE_OBJC_WEAK = YES;
				CLANG_WARN_BLOCK_CAPTURE_AUTORELEASING = YES;
				CLANG_WARN_BOOL_CONVERSION = YES;
				CLANG_WARN_COMMA = YES;
				CLANG_WARN_CONSTANT_CONVERSION = YES;
				CLANG_WARN_DEPRECATED_OBJC_IMPLEMENTATIONS = YES;
				CLANG_WARN_DIRECT_OBJC_ISA_USAGE = YES_ERROR;
				CLANG_WARN_DOCUMENTATION_COMMENTS = YES;
				CLANG_WARN_EMPTY_BODY = YES;
				CLANG_WARN_ENUM_CONVERSION = YES;
				CLANG_WARN_INFINITE_RECURSION = YES;
				CLANG_WARN_INT_CONVERSION = YES;
				CLANG_WARN_NON_LITERAL_NULL_CONVERSION = YES;
				CLANG_WARN_OBJC_IMPLICIT_RETAIN_SELF = YES;
				CLANG_WARN_OBJC_LITERAL_CONVERSION = YES;
				CLANG_WARN_OBJC_ROOT_CLASS = YES_ERROR;
				CLANG_WARN_QUOTED_INCLUDE_IN_FRAMEWORK_HEADER = YES;
				CLANG_WARN_RANGE_LOOP_ANALYSIS = YES;
				CLANG_WARN_STRICT_PROTOTYPES = YES;
				CLANG_WARN_SUSPICIOUS_MOVE = YES;
				CLANG_WARN_UNGUARDED_AVAILABILITY = YES_AGGRESSIVE;
				CLANG_WARN_UNREACHABLE_CODE = YES;
				CLANG_WARN__DUPLICATE_METHOD_MATCH = YES;
				COPY_PHASE_STRIP = NO;
				DEBUG_INFORMATION_FORMAT = "dwarf-with-dsym";
				ENABLE_NS_ASSERTIONS = NO;
				ENABLE_STRICT_OBJC_MSGSEND = YES;
				GCC_C_LANGUAGE_STANDARD = gnu11;
				GCC_NO_COMMON_BLOCKS = YES;
				GCC_WARN_64_TO_32_BIT_CONVERSION = YES;
				GCC_WARN_ABOUT_RETURN_TYPE = YES_ERROR;
				GCC_WARN_UNDECLARED_SELECTOR = YES;
				GCC_WARN_UNINITIALIZED_AUTOS = YES_AGGRESSIVE;
				GCC_WARN_UNUSED_FUNCTION = YES;
				GCC_WARN_UNUSED_VARIABLE = YES;
				IPHONEOS_DEPLOYMENT_TARGET = 15.0;
				MTL_ENABLE_DEBUG_INFO = NO;
				MTL_FAST_MATH = YES;
				SDKROOT = iphoneos;
				SWIFT_COMPILATION_MODE = wholemodule;
				SWIFT_OPTIMIZATION_LEVEL = "-O";
				VALIDATE_PRODUCT = YES;
			};
			name = Release;
		};
		54F6D0BA27EDFB8900AF14DE /* Debug */ = {
			isa = XCBuildConfiguration;
			buildSettings = {
				ASSETCATALOG_COMPILER_APPICON_NAME = AppIcon;
				ASSETCATALOG_COMPILER_GLOBAL_ACCENT_COLOR_NAME = AccentColor;
				CODE_SIGN_STYLE = Automatic;
				CURRENT_PROJECT_VERSION = 1;
				GENERATE_INFOPLIST_FILE = YES;
				INFOPLIST_FILE = "I am Rich/Info.plist";
				INFOPLIST_KEY_UIApplicationSupportsIndirectInputEvents = YES;
				INFOPLIST_KEY_UILaunchStoryboardName = LaunchScreen;
				INFOPLIST_KEY_UIMainStoryboardFile = Main;
				INFOPLIST_KEY_UISupportedInterfaceOrientations_iPad = "UIInterfaceOrientationPortrait UIInterfaceOrientationPortraitUpsideDown UIInterfaceOrientationLandscapeLeft UIInterfaceOrientationLandscapeRight";
				INFOPLIST_KEY_UISupportedInterfaceOrientations_iPhone = "UIInterfaceOrientationPortrait UIInterfaceOrientationLandscapeLeft UIInterfaceOrientationLandscapeRight";
				LD_RUNPATH_SEARCH_PATHS = (
					"$(inherited)",
					"@executable_path/Frameworks",
				);
				MARKETING_VERSION = 1.0;
				PRODUCT_BUNDLE_IDENTIFIER = "com.anastasija.I-am-Rich";
				PRODUCT_NAME = "$(TARGET_NAME)";
				SWIFT_EMIT_LOC_STRINGS = YES;
				SWIFT_VERSION = 5.0;
				TARGETED_DEVICE_FAMILY = "1,2";
			};
			name = Debug;
		};
		54F6D0BB27EDFB8900AF14DE /* Release */ = {
			isa = XCBuildConfiguration;
			buildSettings = {
				ASSETCATALOG_COMPILER_APPICON_NAME = AppIcon;
				ASSETCATALOG_COMPILER_GLOBAL_ACCENT_COLOR_NAME = AccentColor;
				CODE_SIGN_STYLE = Automatic;
				CURRENT_PROJECT_VERSION = 1;
				GENERATE_INFOPLIST_FILE = YES;
				INFOPLIST_FILE = "I am Rich/Info.plist";
				INFOPLIST_KEY_UIApplicationSupportsIndirectInputEvents = YES;
				INFOPLIST_KEY_UILaunchStoryboardName = LaunchScreen;
				INFOPLIST_KEY_UIMainStoryboardFile = Main;
				INFOPLIST_KEY_UISupportedInterfaceOrientations_iPad = "UIInterfaceOrientationPortrait UIInterfaceOrientationPortraitUpsideDown UIInterfaceOrientationLandscapeLeft UIInterfaceOrientationLandscapeRight";
				INFOPLIST_KEY_UISupportedInterfaceOrientations_iPhone = "UIInterfaceOrientationPortrait UIInterfaceOrientationLandscapeLeft UIInterfaceOrientationLandscapeRight";
				LD_RUNPATH_SEARCH_PATHS = (
					"$(inherited)",
					"@executable_path/Frameworks",
				);
				MARKETING_VERSION = 1.0;
				PRODUCT_BUNDLE_IDENTIFIER = "com.anastasija.I-am-Rich";
				PRODUCT_NAME = "$(TARGET_NAME)";
				SWIFT_EMIT_LOC_STRINGS = YES;
				SWIFT_VERSION = 5.0;
				TARGETED_DEVICE_FAMILY = "1,2";
			};
			name = Release;
		};
		54F6D0BD27EDFB8900AF14DE /* Debug */ = {
			isa = XCBuildConfiguration;
			buildSettings = {
				ALWAYS_EMBED_SWIFT_STANDARD_LIBRARIES = YES;
				BUNDLE_LOADER = "$(TEST_HOST)";
				CODE_SIGN_STYLE = Automatic;
				CURRENT_PROJECT_VERSION = 1;
				GENERATE_INFOPLIST_FILE = YES;
				IPHONEOS_DEPLOYMENT_TARGET = 15.0;
				LD_RUNPATH_SEARCH_PATHS = (
					"$(inherited)",
					"@executable_path/Frameworks",
					"@loader_path/Frameworks",
				);
				MARKETING_VERSION = 1.0;
				PRODUCT_BUNDLE_IDENTIFIER = "com.anastasija.I-am-RichTests";
				PRODUCT_NAME = "$(TARGET_NAME)";
				SWIFT_EMIT_LOC_STRINGS = NO;
				SWIFT_VERSION = 5.0;
				TARGETED_DEVICE_FAMILY = "1,2";
				TEST_HOST = "$(BUILT_PRODUCTS_DIR)/I am Rich.app/I am Rich";
			};
			name = Debug;
		};
		54F6D0BE27EDFB8900AF14DE /* Release */ = {
			isa = XCBuildConfiguration;
			buildSettings = {
				ALWAYS_EMBED_SWIFT_STANDARD_LIBRARIES = YES;
				BUNDLE_LOADER = "$(TEST_HOST)";
				CODE_SIGN_STYLE = Automatic;
				CURRENT_PROJECT_VERSION = 1;
				GENERATE_INFOPLIST_FILE = YES;
				IPHONEOS_DEPLOYMENT_TARGET = 15.0;
				LD_RUNPATH_SEARCH_PATHS = (
					"$(inherited)",
					"@executable_path/Frameworks",
					"@loader_path/Frameworks",
				);
				MARKETING_VERSION = 1.0;
				PRODUCT_BUNDLE_IDENTIFIER = "com.anastasija.I-am-RichTests";
				PRODUCT_NAME = "$(TARGET_NAME)";
				SWIFT_EMIT_LOC_STRINGS = NO;
				SWIFT_VERSION = 5.0;
				TARGETED_DEVICE_FAMILY = "1,2";
				TEST_HOST = "$(BUILT_PRODUCTS_DIR)/I am Rich.app/I am Rich";
			};
			name = Release;
		};
		54F6D0C027EDFB8900AF14DE /* Debug */ = {
			isa = XCBuildConfiguration;
			buildSettings = {
				ALWAYS_EMBED_SWIFT_STANDARD_LIBRARIES = YES;
				CODE_SIGN_STYLE = Automatic;
				CURRENT_PROJECT_VERSION = 1;
				GENERATE_INFOPLIST_FILE = YES;
				LD_RUNPATH_SEARCH_PATHS = (
					"$(inherited)",
					"@executable_path/Frameworks",
					"@loader_path/Frameworks",
				);
				MARKETING_VERSION = 1.0;
				PRODUCT_BUNDLE_IDENTIFIER = "com.anastasija.I-am-RichUITests";
				PRODUCT_NAME = "$(TARGET_NAME)";
				SWIFT_EMIT_LOC_STRINGS = NO;
				SWIFT_VERSION = 5.0;
				TARGETED_DEVICE_FAMILY = "1,2";
				TEST_TARGET_NAME = "I am Rich";
			};
			name = Debug;
		};
		54F6D0C127EDFB8900AF14DE /* Release */ = {
			isa = XCBuildConfiguration;
			buildSettings = {
				ALWAYS_EMBED_SWIFT_STANDARD_LIBRARIES = YES;
				CODE_SIGN_STYLE = Automatic;
				CURRENT_PROJECT_VERSION = 1;
				GENERATE_INFOPLIST_FILE = YES;
				LD_RUNPATH_SEARCH_PATHS = (
					"$(inherited)",
					"@executable_path/Frameworks",
					"@loader_path/Frameworks",
				);
				MARKETING_VERSION = 1.0;
				PRODUCT_BUNDLE_IDENTIFIER = "com.anastasija.I-am-RichUITests";
				PRODUCT_NAME = "$(TARGET_NAME)";
				SWIFT_EMIT_LOC_STRINGS = NO;
				SWIFT_VERSION = 5.0;
				TARGETED_DEVICE_FAMILY = "1,2";
				TEST_TARGET_NAME = "I am Rich";
			};
			name = Release;
		};
/* End XCBuildConfiguration section */

/* Begin XCConfigurationList section */
		54F6D08A27EDFB8600AF14DE /* Build configuration list for PBXProject "I am Rich" */ = {
			isa = XCConfigurationList;
			buildConfigurations = (
				54F6D0B727EDFB8900AF14DE /* Debug */,
				54F6D0B827EDFB8900AF14DE /* Release */,
			);
			defaultConfigurationIsVisible = 0;
			defaultConfigurationName = Release;
		};
		54F6D0B927EDFB8900AF14DE /* Build configuration list for PBXNativeTarget "I am Rich" */ = {
			isa = XCConfigurationList;
			buildConfigurations = (
				54F6D0BA27EDFB8900AF14DE /* Debug */,
				54F6D0BB27EDFB8900AF14DE /* Release */,
			);
			defaultConfigurationIsVisible = 0;
			defaultConfigurationName = Release;
		};
		54F6D0BC27EDFB8900AF14DE /* Build configuration list for PBXNativeTarget "I am RichTests" */ = {
			isa = XCConfigurationList;
			buildConfigurations = (
				54F6D0BD27EDFB8900AF14DE /* Debug */,
				54F6D0BE27EDFB8900AF14DE /* Release */,
			);
			defaultConfigurationIsVisible = 0;
			defaultConfigurationName = Release;
		};
		54F6D0BF27EDFB8900AF14DE /* Build configuration list for PBXNativeTarget "I am RichUITests" */ = {
			isa = XCConfigurationList;
			buildConfigurations = (
				54F6D0C027EDFB8900AF14DE /* Debug */,
				54F6D0C127EDFB8900AF14DE /* Release */,
			);
			defaultConfigurationIsVisible = 0;
			defaultConfigurationName = Release;
		};
/* End XCConfigurationList section */
	};
	rootObject = 54F6D08727EDFB8600AF14DE /* Project object */;
}
